
Microsoft Visual Studio Solution File, Format Version 12.00
# Visual Studio 15
VisualStudioVersion = 15.0.27703.2047
MinimumVisualStudioVersion = 10.0.40219.1
Project("{FAE04EC0-301F-11D3-BF4B-00C04F79EFBC}") = "MostFrequent", "MostFrequent\MostFrequent.csproj", "{F20332D4-B2E9-4215-AB7A-F0FE7ABFB04F}"
EndProject
Global
	GlobalSection(SolutionConfigurationPlatforms) = preSolution
		Debug|Any CPU = Debug|Any CPU
		Release|Any CPU = Release|Any CPU
	EndGlobalSection
	GlobalSection(ProjectConfigurationPlatforms) = postSolution
		{F20332D4-B2E9-4215-AB7A-F0FE7ABFB04F}.Debug|Any CPU.ActiveCfg = Debug|Any CPU
		{F20332D4-B2E9-4215-AB7A-F0FE7ABFB04F}.Debug|Any CPU.Build.0 = Debug|Any CPU
		{F20332D4-B2E9-4215-AB7A-F0FE7ABFB04F}.Release|Any CPU.ActiveCfg = Release|Any CPU
		{F20332D4-B2E9-4215-AB7A-F0FE7ABFB04F}.Release|Any CPU.Build.0 = Release|Any CPU
	EndGlobalSection
	GlobalSection(SolutionProperties) = preSolution
		HideSolutionNode = FALSE
	EndGlobalSection
	GlobalSection(ExtensibilityGlobals) = postSolution
		SolutionGuid = {B2ECBEAC-691B-415F-B87B-8F54AF49A452}
	EndGlobalSection
EndGlobal
